// !$*UTF8*$!
{
	archiveVersion = 1;
	classes = {
	};
	objectVersion = 46;
	objects = {

/* Begin PBXBuildFile section */
		5D6FA12419AE639659F1DB79 /* Pods_311_Tester.framework in Frameworks */ = {isa = PBXBuildFile; fileRef = CAE8B869932B4E293AD9BCC4 /* Pods_311_Tester.framework */; };
		88FB95971E86EC9B006A91A4 /* AppDelegate.swift in Sources */ = {isa = PBXBuildFile; fileRef = 88FB95961E86EC9B006A91A4 /* AppDelegate.swift */; };
		88FB95991E86EC9B006A91A4 /* ViewController.swift in Sources */ = {isa = PBXBuildFile; fileRef = 88FB95981E86EC9B006A91A4 /* ViewController.swift */; };
		88FB959C1E86EC9B006A91A4 /* Main.storyboard in Resources */ = {isa = PBXBuildFile; fileRef = 88FB959A1E86EC9B006A91A4 /* Main.storyboard */; };
		88FB959E1E86EC9B006A91A4 /* Assets.xcassets in Resources */ = {isa = PBXBuildFile; fileRef = 88FB959D1E86EC9B006A91A4 /* Assets.xcassets */; };
		88FB95A11E86EC9B006A91A4 /* LaunchScreen.storyboard in Resources */ = {isa = PBXBuildFile; fileRef = 88FB959F1E86EC9B006A91A4 /* LaunchScreen.storyboard */; };
		88FB95AC1E86EC9B006A91A4 /* _11_TesterTests.swift in Sources */ = {isa = PBXBuildFile; fileRef = 88FB95AB1E86EC9B006A91A4 /* _11_TesterTests.swift */; };
		88FB95B71E86EC9B006A91A4 /* _11_TesterUITests.swift in Sources */ = {isa = PBXBuildFile; fileRef = 88FB95B61E86EC9B006A91A4 /* _11_TesterUITests.swift */; };
		88FB95C51E86EEBE006A91A4 /* 311client.swift in Sources */ = {isa = PBXBuildFile; fileRef = 88FB95C41E86EEBE006A91A4 /* 311client.swift */; };
		88FB95C71E86F50F006A91A4 /* Secrets.swift in Sources */ = {isa = PBXBuildFile; fileRef = 88FB95C61E86F50F006A91A4 /* Secrets.swift */; };
		E13DEF1F2A23A201FF7589E4 /* Pods_311_TesterUITests.framework in Frameworks */ = {isa = PBXBuildFile; fileRef = 18316294B8DAEACDB4608400 /* Pods_311_TesterUITests.framework */; };
		F907FB1C22D99181D1339F18 /* Pods_311_TesterTests.framework in Frameworks */ = {isa = PBXBuildFile; fileRef = 13027495DB3454D30F539AC2 /* Pods_311_TesterTests.framework */; };
/* End PBXBuildFile section */

/* Begin PBXContainerItemProxy section */
		88FB95A81E86EC9B006A91A4 /* PBXContainerItemProxy */ = {
			isa = PBXContainerItemProxy;
			containerPortal = 88FB958B1E86EC9B006A91A4 /* Project object */;
			proxyType = 1;
			remoteGlobalIDString = 88FB95921E86EC9B006A91A4;
			remoteInfo = "311 Tester";
		};
		88FB95B31E86EC9B006A91A4 /* PBXContainerItemProxy */ = {
			isa = PBXContainerItemProxy;
			containerPortal = 88FB958B1E86EC9B006A91A4 /* Project object */;
			proxyType = 1;
			remoteGlobalIDString = 88FB95921E86EC9B006A91A4;
			remoteInfo = "311 Tester";
		};
/* End PBXContainerItemProxy section */

/* Begin PBXFileReference section */
		0DDF4320340C895F5A69DB24 /* Pods-311 TesterUITests.debug.xcconfig */ = {isa = PBXFileReference; includeInIndex = 1; lastKnownFileType = text.xcconfig; name = "Pods-311 TesterUITests.debug.xcconfig"; path = "Pods/Target Support Files/Pods-311 TesterUITests/Pods-311 TesterUITests.debug.xcconfig"; sourceTree = "<group>"; };
		13027495DB3454D30F539AC2 /* Pods_311_TesterTests.framework */ = {isa = PBXFileReference; explicitFileType = wrapper.framework; includeInIndex = 0; path = Pods_311_TesterTests.framework; sourceTree = BUILT_PRODUCTS_DIR; };
		18316294B8DAEACDB4608400 /* Pods_311_TesterUITests.framework */ = {isa = PBXFileReference; explicitFileType = wrapper.framework; includeInIndex = 0; path = Pods_311_TesterUITests.framework; sourceTree = BUILT_PRODUCTS_DIR; };
		71885A6A7C2445EA8340C454 /* Pods-311 TesterTests.release.xcconfig */ = {isa = PBXFileReference; includeInIndex = 1; lastKnownFileType = text.xcconfig; name = "Pods-311 TesterTests.release.xcconfig"; path = "Pods/Target Support Files/Pods-311 TesterTests/Pods-311 TesterTests.release.xcconfig"; sourceTree = "<group>"; };
		88FB95931E86EC9B006A91A4 /* 311 Tester.app */ = {isa = PBXFileReference; explicitFileType = wrapper.application; includeInIndex = 0; path = "311 Tester.app"; sourceTree = BUILT_PRODUCTS_DIR; };
		88FB95961E86EC9B006A91A4 /* AppDelegate.swift */ = {isa = PBXFileReference; lastKnownFileType = sourcecode.swift; path = AppDelegate.swift; sourceTree = "<group>"; };
		88FB95981E86EC9B006A91A4 /* ViewController.swift */ = {isa = PBXFileReference; lastKnownFileType = sourcecode.swift; path = ViewController.swift; sourceTree = "<group>"; };
		88FB959B1E86EC9B006A91A4 /* Base */ = {isa = PBXFileReference; lastKnownFileType = file.storyboard; name = Base; path = Base.lproj/Main.storyboard; sourceTree = "<group>"; };
		88FB959D1E86EC9B006A91A4 /* Assets.xcassets */ = {isa = PBXFileReference; lastKnownFileType = folder.assetcatalog; path = Assets.xcassets; sourceTree = "<group>"; };
		88FB95A01E86EC9B006A91A4 /* Base */ = {isa = PBXFileReference; lastKnownFileType = file.storyboard; name = Base; path = Base.lproj/LaunchScreen.storyboard; sourceTree = "<group>"; };
		88FB95A21E86EC9B006A91A4 /* Info.plist */ = {isa = PBXFileReference; lastKnownFileType = text.plist.xml; path = Info.plist; sourceTree = "<group>"; };
		88FB95A71E86EC9B006A91A4 /* 311 TesterTests.xctest */ = {isa = PBXFileReference; explicitFileType = wrapper.cfbundle; includeInIndex = 0; path = "311 TesterTests.xctest"; sourceTree = BUILT_PRODUCTS_DIR; };
		88FB95AB1E86EC9B006A91A4 /* _11_TesterTests.swift */ = {isa = PBXFileReference; lastKnownFileType = sourcecode.swift; path = _11_TesterTests.swift; sourceTree = "<group>"; };
		88FB95AD1E86EC9B006A91A4 /* Info.plist */ = {isa = PBXFileReference; lastKnownFileType = text.plist.xml; path = Info.plist; sourceTree = "<group>"; };
		88FB95B21E86EC9B006A91A4 /* 311 TesterUITests.xctest */ = {isa = PBXFileReference; explicitFileType = wrapper.cfbundle; includeInIndex = 0; path = "311 TesterUITests.xctest"; sourceTree = BUILT_PRODUCTS_DIR; };
		88FB95B61E86EC9B006A91A4 /* _11_TesterUITests.swift */ = {isa = PBXFileReference; lastKnownFileType = sourcecode.swift; path = _11_TesterUITests.swift; sourceTree = "<group>"; };
		88FB95B81E86EC9B006A91A4 /* Info.plist */ = {isa = PBXFileReference; lastKnownFileType = text.plist.xml; path = Info.plist; sourceTree = "<group>"; };
		88FB95C41E86EEBE006A91A4 /* 311client.swift */ = {isa = PBXFileReference; fileEncoding = 4; lastKnownFileType = sourcecode.swift; path = 311client.swift; sourceTree = "<group>"; };
		88FB95C61E86F50F006A91A4 /* Secrets.swift */ = {isa = PBXFileReference; fileEncoding = 4; lastKnownFileType = sourcecode.swift; path = Secrets.swift; sourceTree = "<group>"; };
		A394B3923599FCF3362D7CF8 /* Pods-311 Tester.debug.xcconfig */ = {isa = PBXFileReference; includeInIndex = 1; lastKnownFileType = text.xcconfig; name = "Pods-311 Tester.debug.xcconfig"; path = "Pods/Target Support Files/Pods-311 Tester/Pods-311 Tester.debug.xcconfig"; sourceTree = "<group>"; };
		BF8215AE4BCB706E996EC72E /* Pods-311 Tester.release.xcconfig */ = {isa = PBXFileReference; includeInIndex = 1; lastKnownFileType = text.xcconfig; name = "Pods-311 Tester.release.xcconfig"; path = "Pods/Target Support Files/Pods-311 Tester/Pods-311 Tester.release.xcconfig"; sourceTree = "<group>"; };
		CAE8B869932B4E293AD9BCC4 /* Pods_311_Tester.framework */ = {isa = PBXFileReference; explicitFileType = wrapper.framework; includeInIndex = 0; path = Pods_311_Tester.framework; sourceTree = BUILT_PRODUCTS_DIR; };
		F1495EC8800C221C1B535E72 /* Pods-311 TesterUITests.release.xcconfig */ = {isa = PBXFileReference; includeInIndex = 1; lastKnownFileType = text.xcconfig; name = "Pods-311 TesterUITests.release.xcconfig"; path = "Pods/Target Support Files/Pods-311 TesterUITests/Pods-311 TesterUITests.release.xcconfig"; sourceTree = "<group>"; };
		FC2F202EB7A265ED739A4056 /* Pods-311 TesterTests.debug.xcconfig */ = {isa = PBXFileReference; includeInIndex = 1; lastKnownFileType = text.xcconfig; name = "Pods-311 TesterTests.debug.xcconfig"; path = "Pods/Target Support Files/Pods-311 TesterTests/Pods-311 TesterTests.debug.xcconfig"; sourceTree = "<group>"; };
/* End PBXFileReference section */

/* Begin PBXFrameworksBuildPhase section */
		88FB95901E86EC9B006A91A4 /* Frameworks */ = {
			isa = PBXFrameworksBuildPhase;
			buildActionMask = 2147483647;
			files = (
				5D6FA12419AE639659F1DB79 /* Pods_311_Tester.framework in Frameworks */,
			);
			runOnlyForDeploymentPostprocessing = 0;
		};
		88FB95A41E86EC9B006A91A4 /* Frameworks */ = {
			isa = PBXFrameworksBuildPhase;
			buildActionMask = 2147483647;
			files = (
				F907FB1C22D99181D1339F18 /* Pods_311_TesterTests.framework in Frameworks */,
			);
			runOnlyForDeploymentPostprocessing = 0;
		};
		88FB95AF1E86EC9B006A91A4 /* Frameworks */ = {
			isa = PBXFrameworksBuildPhase;
			buildActionMask = 2147483647;
			files = (
				E13DEF1F2A23A201FF7589E4 /* Pods_311_TesterUITests.framework in Frameworks */,
			);
			runOnlyForDeploymentPostprocessing = 0;
		};
/* End PBXFrameworksBuildPhase section */

/* Begin PBXGroup section */
		74B09D9453FDDD2BE8997647 /* Frameworks */ = {
			isa = PBXGroup;
			children = (
				CAE8B869932B4E293AD9BCC4 /* Pods_311_Tester.framework */,
				13027495DB3454D30F539AC2 /* Pods_311_TesterTests.framework */,
				18316294B8DAEACDB4608400 /* Pods_311_TesterUITests.framework */,
			);
			name = Frameworks;
			sourceTree = "<group>";
		};
		88FB958A1E86EC9B006A91A4 = {
			isa = PBXGroup;
			children = (
				88FB95951E86EC9B006A91A4 /* 311 Tester */,
				88FB95AA1E86EC9B006A91A4 /* 311 TesterTests */,
				88FB95B51E86EC9B006A91A4 /* 311 TesterUITests */,
				88FB95941E86EC9B006A91A4 /* Products */,
				A59AC4155AF37351F69A7F93 /* Pods */,
				74B09D9453FDDD2BE8997647 /* Frameworks */,
			);
			sourceTree = "<group>";
		};
		88FB95941E86EC9B006A91A4 /* Products */ = {
			isa = PBXGroup;
			children = (
				88FB95931E86EC9B006A91A4 /* 311 Tester.app */,
				88FB95A71E86EC9B006A91A4 /* 311 TesterTests.xctest */,
				88FB95B21E86EC9B006A91A4 /* 311 TesterUITests.xctest */,
			);
			name = Products;
			sourceTree = "<group>";
		};
		88FB95951E86EC9B006A91A4 /* 311 Tester */ = {
			isa = PBXGroup;
			children = (
				88FB95961E86EC9B006A91A4 /* AppDelegate.swift */,
				88FB95981E86EC9B006A91A4 /* ViewController.swift */,
				88FB959A1E86EC9B006A91A4 /* Main.storyboard */,
				88FB959D1E86EC9B006A91A4 /* Assets.xcassets */,
				88FB959F1E86EC9B006A91A4 /* LaunchScreen.storyboard */,
				88FB95A21E86EC9B006A91A4 /* Info.plist */,
				88FB95C41E86EEBE006A91A4 /* 311client.swift */,
				88FB95C61E86F50F006A91A4 /* Secrets.swift */,
			);
			path = "311 Tester";
			sourceTree = "<group>";
		};
		88FB95AA1E86EC9B006A91A4 /* 311 TesterTests */ = {
			isa = PBXGroup;
			children = (
				88FB95AB1E86EC9B006A91A4 /* _11_TesterTests.swift */,
				88FB95AD1E86EC9B006A91A4 /* Info.plist */,
			);
			path = "311 TesterTests";
			sourceTree = "<group>";
		};
		88FB95B51E86EC9B006A91A4 /* 311 TesterUITests */ = {
			isa = PBXGroup;
			children = (
				88FB95B61E86EC9B006A91A4 /* _11_TesterUITests.swift */,
				88FB95B81E86EC9B006A91A4 /* Info.plist */,
			);
			path = "311 TesterUITests";
			sourceTree = "<group>";
		};
		A59AC4155AF37351F69A7F93 /* Pods */ = {
			isa = PBXGroup;
			children = (
				A394B3923599FCF3362D7CF8 /* Pods-311 Tester.debug.xcconfig */,
				BF8215AE4BCB706E996EC72E /* Pods-311 Tester.release.xcconfig */,
				FC2F202EB7A265ED739A4056 /* Pods-311 TesterTests.debug.xcconfig */,
				71885A6A7C2445EA8340C454 /* Pods-311 TesterTests.release.xcconfig */,
				0DDF4320340C895F5A69DB24 /* Pods-311 TesterUITests.debug.xcconfig */,
				F1495EC8800C221C1B535E72 /* Pods-311 TesterUITests.release.xcconfig */,
			);
			name = Pods;
			sourceTree = "<group>";
		};
/* End PBXGroup section */

/* Begin PBXNativeTarget section */
		88FB95921E86EC9B006A91A4 /* 311 Tester */ = {
			isa = PBXNativeTarget;
			buildConfigurationList = 88FB95BB1E86EC9B006A91A4 /* Build configuration list for PBXNativeTarget "311 Tester" */;
			buildPhases = (
				88ECF0B8479E0DA02A359021 /* [CP] Check Pods Manifest.lock */,
				88FB958F1E86EC9B006A91A4 /* Sources */,
				88FB95901E86EC9B006A91A4 /* Frameworks */,
				88FB95911E86EC9B006A91A4 /* Resources */,
				A564E9D3B71D45DC9B49166B /* [CP] Embed Pods Frameworks */,
				26240A15E3B17959346EF40A /* [CP] Copy Pods Resources */,
			);
			buildRules = (
			);
			dependencies = (
			);
			name = "311 Tester";
			productName = "311 Tester";
			productReference = 88FB95931E86EC9B006A91A4 /* 311 Tester.app */;
			productType = "com.apple.product-type.application";
		};
		88FB95A61E86EC9B006A91A4 /* 311 TesterTests */ = {
			isa = PBXNativeTarget;
			buildConfigurationList = 88FB95BE1E86EC9B006A91A4 /* Build configuration list for PBXNativeTarget "311 TesterTests" */;
			buildPhases = (
				4A018ED55C9BD5ABD2CFC051 /* [CP] Check Pods Manifest.lock */,
				88FB95A31E86EC9B006A91A4 /* Sources */,
				88FB95A41E86EC9B006A91A4 /* Frameworks */,
				88FB95A51E86EC9B006A91A4 /* Resources */,
				4BA98AFDA9CDE84346B3F3F7 /* [CP] Embed Pods Frameworks */,
				836EFF54E7EE185DFAE6D948 /* [CP] Copy Pods Resources */,
			);
			buildRules = (
			);
			dependencies = (
				88FB95A91E86EC9B006A91A4 /* PBXTargetDependency */,
			);
			name = "311 TesterTests";
			productName = "311 TesterTests";
			productReference = 88FB95A71E86EC9B006A91A4 /* 311 TesterTests.xctest */;
			productType = "com.apple.product-type.bundle.unit-test";
		};
		88FB95B11E86EC9B006A91A4 /* 311 TesterUITests */ = {
			isa = PBXNativeTarget;
			buildConfigurationList = 88FB95C11E86EC9B006A91A4 /* Build configuration list for PBXNativeTarget "311 TesterUITests" */;
			buildPhases = (
				DD17E96E5AF273EA48ED3DF6 /* [CP] Check Pods Manifest.lock */,
				88FB95AE1E86EC9B006A91A4 /* Sources */,
				88FB95AF1E86EC9B006A91A4 /* Frameworks */,
				88FB95B01E86EC9B006A91A4 /* Resources */,
				5019FE3B1EE60304A940A67F /* [CP] Embed Pods Frameworks */,
				0FF77806781B185AE9DC0209 /* [CP] Copy Pods Resources */,
			);
			buildRules = (
			);
			dependencies = (
				88FB95B41E86EC9B006A91A4 /* PBXTargetDependency */,
			);
			name = "311 TesterUITests";
			productName = "311 TesterUITests";
			productReference = 88FB95B21E86EC9B006A91A4 /* 311 TesterUITests.xctest */;
			productType = "com.apple.product-type.bundle.ui-testing";
		};
/* End PBXNativeTarget section */

/* Begin PBXProject section */
		88FB958B1E86EC9B006A91A4 /* Project object */ = {
			isa = PBXProject;
			attributes = {
				LastSwiftUpdateCheck = 0820;
				LastUpgradeCheck = 0820;
				ORGANIZATIONNAME = "Bozo Design Labs";
				TargetAttributes = {
					88FB95921E86EC9B006A91A4 = {
						CreatedOnToolsVersion = 8.2.1;
						DevelopmentTeam = H7DR849HVE;
						ProvisioningStyle = Automatic;
					};
					88FB95A61E86EC9B006A91A4 = {
						CreatedOnToolsVersion = 8.2.1;
						DevelopmentTeam = H7DR849HVE;
						ProvisioningStyle = Automatic;
						TestTargetID = 88FB95921E86EC9B006A91A4;
					};
					88FB95B11E86EC9B006A91A4 = {
						CreatedOnToolsVersion = 8.2.1;
						DevelopmentTeam = H7DR849HVE;
						ProvisioningStyle = Automatic;
						TestTargetID = 88FB95921E86EC9B006A91A4;
					};
				};
			};
			buildConfigurationList = 88FB958E1E86EC9B006A91A4 /* Build configuration list for PBXProject "311 Tester" */;
			compatibilityVersion = "Xcode 3.2";
			developmentRegion = English;
			hasScannedForEncodings = 0;
			knownRegions = (
				en,
				Base,
			);
			mainGroup = 88FB958A1E86EC9B006A91A4;
			productRefGroup = 88FB95941E86EC9B006A91A4 /* Products */;
			projectDirPath = "";
			projectRoot = "";
			targets = (
				88FB95921E86EC9B006A91A4 /* 311 Tester */,
				88FB95A61E86EC9B006A91A4 /* 311 TesterTests */,
				88FB95B11E86EC9B006A91A4 /* 311 TesterUITests */,
			);
		};
/* End PBXProject section */

/* Begin PBXResourcesBuildPhase section */
		88FB95911E86EC9B006A91A4 /* Resources */ = {
			isa = PBXResourcesBuildPhase;
			buildActionMask = 2147483647;
			files = (
				88FB95A11E86EC9B006A91A4 /* LaunchScreen.storyboard in Resources */,
				88FB959E1E86EC9B006A91A4 /* Assets.xcassets in Resources */,
				88FB959C1E86EC9B006A91A4 /* Main.storyboard in Resources */,
			);
			runOnlyForDeploymentPostprocessing = 0;
		};
		88FB95A51E86EC9B006A91A4 /* Resources */ = {
			isa = PBXResourcesBuildPhase;
			buildActionMask = 2147483647;
			files = (
			);
			runOnlyForDeploymentPostprocessing = 0;
		};
		88FB95B01E86EC9B006A91A4 /* Resources */ = {
			isa = PBXResourcesBuildPhase;
			buildActionMask = 2147483647;
			files = (
			);
			runOnlyForDeploymentPostprocessing = 0;
		};
/* End PBXResourcesBuildPhase section */

/* Begin PBXShellScriptBuildPhase section */
		0FF77806781B185AE9DC0209 /* [CP] Copy Pods Resources */ = {
			isa = PBXShellScriptBuildPhase;
			buildActionMask = 2147483647;
			files = (
			);
			inputPaths = (
			);
			name = "[CP] Copy Pods Resources";
			outputPaths = (
			);
			runOnlyForDeploymentPostprocessing = 0;
			shellPath = /bin/sh;
			shellScript = "\"${SRCROOT}/Pods/Target Support Files/Pods-311 TesterUITests/Pods-311 TesterUITests-resources.sh\"\n";
			showEnvVarsInLog = 0;
		};
		26240A15E3B17959346EF40A /* [CP] Copy Pods Resources */ = {
			isa = PBXShellScriptBuildPhase;
			buildActionMask = 2147483647;
			files = (
			);
			inputPaths = (
			);
			name = "[CP] Copy Pods Resources";
			outputPaths = (
			);
			runOnlyForDeploymentPostprocessing = 0;
			shellPath = /bin/sh;
			shellScript = "\"${SRCROOT}/Pods/Target Support Files/Pods-311 Tester/Pods-311 Tester-resources.sh\"\n";
			showEnvVarsInLog = 0;
		};
		4A018ED55C9BD5ABD2CFC051 /* [CP] Check Pods Manifest.lock */ = {
			isa = PBXShellScriptBuildPhase;
			buildActionMask = 2147483647;
			files = (
			);
			inputPaths = (
			);
			name = "[CP] Check Pods Manifest.lock";
			outputPaths = (
			);
			runOnlyForDeploymentPostprocessing = 0;
			shellPath = /bin/sh;
			shellScript = "diff \"${PODS_ROOT}/../Podfile.lock\" \"${PODS_ROOT}/Manifest.lock\" > /dev/null\nif [ $? != 0 ] ; then\n    # print error to STDERR\n    echo \"error: The sandbox is not in sync with the Podfile.lock. Run 'pod install' or update your CocoaPods installation.\" >&2\n    exit 1\nfi\n";
			showEnvVarsInLog = 0;
		};
		4BA98AFDA9CDE84346B3F3F7 /* [CP] Embed Pods Frameworks */ = {
			isa = PBXShellScriptBuildPhase;
			buildActionMask = 2147483647;
			files = (
			);
			inputPaths = (
			);
			name = "[CP] Embed Pods Frameworks";
			outputPaths = (
			);
			runOnlyForDeploymentPostprocessing = 0;
			shellPath = /bin/sh;
			shellScript = "\"${SRCROOT}/Pods/Target Support Files/Pods-311 TesterTests/Pods-311 TesterTests-frameworks.sh\"\n";
			showEnvVarsInLog = 0;
		};
		5019FE3B1EE60304A940A67F /* [CP] Embed Pods Frameworks */ = {
			isa = PBXShellScriptBuildPhase;
			buildActionMask = 2147483647;
			files = (
			);
			inputPaths = (
			);
			name = "[CP] Embed Pods Frameworks";
			outputPaths = (
			);
			runOnlyForDeploymentPostprocessing = 0;
			shellPath = /bin/sh;
			shellScript = "\"${SRCROOT}/Pods/Target Support Files/Pods-311 TesterUITests/Pods-311 TesterUITests-frameworks.sh\"\n";
			showEnvVarsInLog = 0;
		};
		836EFF54E7EE185DFAE6D948 /* [CP] Copy Pods Resources */ = {
			isa = PBXShellScriptBuildPhase;
			buildActionMask = 2147483647;
			files = (
			);
			inputPaths = (
			);
			name = "[CP] Copy Pods Resources";
			outputPaths = (
			);
			runOnlyForDeploymentPostprocessing = 0;
			shellPath = /bin/sh;
			shellScript = "\"${SRCROOT}/Pods/Target Support Files/Pods-311 TesterTests/Pods-311 TesterTests-resources.sh\"\n";
			showEnvVarsInLog = 0;
		};
		88ECF0B8479E0DA02A359021 /* [CP] Check Pods Manifest.lock */ = {
			isa = PBXShellScriptBuildPhase;
			buildActionMask = 2147483647;
			files = (
			);
			inputPaths = (
			);
			name = "[CP] Check Pods Manifest.lock";
			outputPaths = (
			);
			runOnlyForDeploymentPostprocessing = 0;
			shellPath = /bin/sh;
			shellScript = "diff \"${PODS_ROOT}/../Podfile.lock\" \"${PODS_ROOT}/Manifest.lock\" > /dev/null\nif [ $? != 0 ] ; then\n    # print error to STDERR\n    echo \"error: The sandbox is not in sync with the Podfile.lock. Run 'pod install' or update your CocoaPods installation.\" >&2\n    exit 1\nfi\n";
			showEnvVarsInLog = 0;
		};
		A564E9D3B71D45DC9B49166B /* [CP] Embed Pods Frameworks */ = {
			isa = PBXShellScriptBuildPhase;
			buildActionMask = 2147483647;
			files = (
			);
			inputPaths = (
			);
			name = "[CP] Embed Pods Frameworks";
			outputPaths = (
			);
			runOnlyForDeploymentPostprocessing = 0;
			shellPath = /bin/sh;
			shellScript = "\"${SRCROOT}/Pods/Target Support Files/Pods-311 Tester/Pods-311 Tester-frameworks.sh\"\n";
			showEnvVarsInLog = 0;
		};
		DD17E96E5AF273EA48ED3DF6 /* [CP] Check Pods Manifest.lock */ = {
			isa = PBXShellScriptBuildPhase;
			buildActionMask = 2147483647;
			files = (
			);
			inputPaths = (
			);
			name = "[CP] Check Pods Manifest.lock";
			outputPaths = (
			);
			runOnlyForDeploymentPostprocessing = 0;
			shellPath = /bin/sh;
			shellScript = "diff \"${PODS_ROOT}/../Podfile.lock\" \"${PODS_ROOT}/Manifest.lock\" > /dev/null\nif [ $? != 0 ] ; then\n    # print error to STDERR\n    echo \"error: The sandbox is not in sync with the Podfile.lock. Run 'pod install' or update your CocoaPods installation.\" >&2\n    exit 1\nfi\n";
			showEnvVarsInLog = 0;
		};
/* End PBXShellScriptBuildPhase section */

/* Begin PBXSourcesBuildPhase section */
		88FB958F1E86EC9B006A91A4 /* Sources */ = {
			isa = PBXSourcesBuildPhase;
			buildActionMask = 2147483647;
			files = (
				88FB95991E86EC9B006A91A4 /* ViewController.swift in Sources */,
				88FB95C71E86F50F006A91A4 /* Secrets.swift in Sources */,
				88FB95C51E86EEBE006A91A4 /* 311client.swift in Sources */,
				88FB95971E86EC9B006A91A4 /* AppDelegate.swift in Sources */,
			);
			runOnlyForDeploymentPostprocessing = 0;
		};
		88FB95A31E86EC9B006A91A4 /* Sources */ = {
			isa = PBXSourcesBuildPhase;
			buildActionMask = 2147483647;
			files = (
				88FB95AC1E86EC9B006A91A4 /* _11_TesterTests.swift in Sources */,
			);
			runOnlyForDeploymentPostprocessing = 0;
		};
		88FB95AE1E86EC9B006A91A4 /* Sources */ = {
			isa = PBXSourcesBuildPhase;
			buildActionMask = 2147483647;
			files = (
				88FB95B71E86EC9B006A91A4 /* _11_TesterUITests.swift in Sources */,
			);
			runOnlyForDeploymentPostprocessing = 0;
		};
/* End PBXSourcesBuildPhase section */

/* Begin PBXTargetDependency section */
		88FB95A91E86EC9B006A91A4 /* PBXTargetDependency */ = {
			isa = PBXTargetDependency;
			target = 88FB95921E86EC9B006A91A4 /* 311 Tester */;
			targetProxy = 88FB95A81E86EC9B006A91A4 /* PBXContainerItemProxy */;
		};
		88FB95B41E86EC9B006A91A4 /* PBXTargetDependency */ = {
			isa = PBXTargetDependency;
			target = 88FB95921E86EC9B006A91A4 /* 311 Tester */;
			targetProxy = 88FB95B31E86EC9B006A91A4 /* PBXContainerItemProxy */;
		};
/* End PBXTargetDependency section */

/* Begin PBXVariantGroup section */
		88FB959A1E86EC9B006A91A4 /* Main.storyboard */ = {
			isa = PBXVariantGroup;
			children = (
				88FB959B1E86EC9B006A91A4 /* Base */,
			);
			name = Main.storyboard;
			sourceTree = "<group>";
		};
		88FB959F1E86EC9B006A91A4 /* LaunchScreen.storyboard */ = {
			isa = PBXVariantGroup;
			children = (
				88FB95A01E86EC9B006A91A4 /* Base */,
			);
			name = LaunchScreen.storyboard;
			sourceTree = "<group>";
		};
/* End PBXVariantGroup section */

/* Begin XCBuildConfiguration section */
		88FB95B91E86EC9B006A91A4 /* Debug */ = {
			isa = XCBuildConfiguration;
			buildSettings = {
				ALWAYS_SEARCH_USER_PATHS = NO;
				CLANG_ANALYZER_NONNULL = YES;
				CLANG_CXX_LANGUAGE_STANDARD = "gnu++0x";
				CLANG_CXX_LIBRARY = "libc++";
				CLANG_ENABLE_MODULES = YES;
				CLANG_ENABLE_OBJC_ARC = YES;
				CLANG_WARN_BOOL_CONVERSION = YES;
				CLANG_WARN_CONSTANT_CONVERSION = YES;
				CLANG_WARN_DIRECT_OBJC_ISA_USAGE = YES_ERROR;
				CLANG_WARN_DOCUMENTATION_COMMENTS = YES;
				CLANG_WARN_EMPTY_BODY = YES;
				CLANG_WARN_ENUM_CONVERSION = YES;
				CLANG_WARN_INFINITE_RECURSION = YES;
				CLANG_WARN_INT_CONVERSION = YES;
				CLANG_WARN_OBJC_ROOT_CLASS = YES_ERROR;
				CLANG_WARN_SUSPICIOUS_MOVE = YES;
				CLANG_WARN_UNREACHABLE_CODE = YES;
				CLANG_WARN__DUPLICATE_METHOD_MATCH = YES;
				"CODE_SIGN_IDENTITY[sdk=iphoneos*]" = "iPhone Developer";
				COPY_PHASE_STRIP = NO;
				DEBUG_INFORMATION_FORMAT = dwarf;
				ENABLE_STRICT_OBJC_MSGSEND = YES;
				ENABLE_TESTABILITY = YES;
				GCC_C_LANGUAGE_STANDARD = gnu99;
				GCC_DYNAMIC_NO_PIC = NO;
				GCC_NO_COMMON_BLOCKS = YES;
				GCC_OPTIMIZATION_LEVEL = 0;
				GCC_PREPROCESSOR_DEFINITIONS = (
					"DEBUG=1",
					"$(inherited)",
				);
				GCC_WARN_64_TO_32_BIT_CONVERSION = YES;
				GCC_WARN_ABOUT_RETURN_TYPE = YES_ERROR;
				GCC_WARN_UNDECLARED_SELECTOR = YES;
				GCC_WARN_UNINITIALIZED_AUTOS = YES_AGGRESSIVE;
				GCC_WARN_UNUSED_FUNCTION = YES;
				GCC_WARN_UNUSED_VARIABLE = YES;
				IPHONEOS_DEPLOYMENT_TARGET = 10.2;
				MTL_ENABLE_DEBUG_INFO = YES;
				ONLY_ACTIVE_ARCH = YES;
				SDKROOT = iphoneos;
				SWIFT_ACTIVE_COMPILATION_CONDITIONS = DEBUG;
				SWIFT_OPTIMIZATION_LEVEL = "-Onone";
				TARGETED_DEVICE_FAMILY = "1,2";
			};
			name = Debug;
		};
		88FB95BA1E86EC9B006A91A4 /* Release */ = {
			isa = XCBuildConfiguration;
			buildSettings = {
				ALWAYS_SEARCH_USER_PATHS = NO;
				CLANG_ANALYZER_NONNULL = YES;
				CLANG_CXX_LANGUAGE_STANDARD = "gnu++0x";
				CLANG_CXX_LIBRARY = "libc++";
				CLANG_ENABLE_MODULES = YES;
				CLANG_ENABLE_OBJC_ARC = YES;
				CLANG_WARN_BOOL_CONVERSION = YES;
				CLANG_WARN_CONSTANT_CONVERSION = YES;
				CLANG_WARN_DIRECT_OBJC_ISA_USAGE = YES_ERROR;
				CLANG_WARN_DOCUMENTATION_COMMENTS = YES;
				CLANG_WARN_EMPTY_BODY = YES;
				CLANG_WARN_ENUM_CONVERSION = YES;
				CLANG_WARN_INFINITE_RECURSION = YES;
				CLANG_WARN_INT_CONVERSION = YES;
				CLANG_WARN_OBJC_ROOT_CLASS = YES_ERROR;
				CLANG_WARN_SUSPICIOUS_MOVE = YES;
				CLANG_WARN_UNREACHABLE_CODE = YES;
				CLANG_WARN__DUPLICATE_METHOD_MATCH = YES;
				"CODE_SIGN_IDENTITY[sdk=iphoneos*]" = "iPhone Developer";
				COPY_PHASE_STRIP = NO;
				DEBUG_INFORMATION_FORMAT = "dwarf-with-dsym";
				ENABLE_NS_ASSERTIONS = NO;
				ENABLE_STRICT_OBJC_MSGSEND = YES;
				GCC_C_LANGUAGE_STANDARD = gnu99;
				GCC_NO_COMMON_BLOCKS = YES;
				GCC_WARN_64_TO_32_BIT_CONVERSION = YES;
				GCC_WARN_ABOUT_RETURN_TYPE = YES_ERROR;
				GCC_WARN_UNDECLARED_SELECTOR = YES;
				GCC_WARN_UNINITIALIZED_AUTOS = YES_AGGRESSIVE;
				GCC_WARN_UNUSED_FUNCTION = YES;
				GCC_WARN_UNUSED_VARIABLE = YES;
				IPHONEOS_DEPLOYMENT_TARGET = 10.2;
				MTL_ENABLE_DEBUG_INFO = NO;
				SDKROOT = iphoneos;
				SWIFT_OPTIMIZATION_LEVEL = "-Owholemodule";
				TARGETED_DEVICE_FAMILY = "1,2";
				VALIDATE_PRODUCT = YES;
			};
			name = Release;
		};
		88FB95BC1E86EC9B006A91A4 /* Debug */ = {
			isa = XCBuildConfiguration;
			baseConfigurationReference = A394B3923599FCF3362D7CF8 /* Pods-311 Tester.debug.xcconfig */;
			buildSettings = {
				ASSETCATALOG_COMPILER_APPICON_NAME = AppIcon;
				DEVELOPMENT_TEAM = H7DR849HVE;
				INFOPLIST_FILE = "311 Tester/Info.plist";
				LD_RUNPATH_SEARCH_PATHS = "$(inherited) @executable_path/Frameworks";
				PRODUCT_BUNDLE_IDENTIFIER = "bdl.-11-Tester";
				PRODUCT_NAME = "$(TARGET_NAME)";
				SWIFT_VERSION = 3.0;
			};
			name = Debug;
		};
		88FB95BD1E86EC9B006A91A4 /* Release */ = {
			isa = XCBuildConfiguration;
			baseConfigurationReference = BF8215AE4BCB706E996EC72E /* Pods-311 Tester.release.xcconfig */;
			buildSettings = {
				ASSETCATALOG_COMPILER_APPICON_NAME = AppIcon;
				DEVELOPMENT_TEAM = H7DR849HVE;
				INFOPLIST_FILE = "311 Tester/Info.plist";
				LD_RUNPATH_SEARCH_PATHS = "$(inherited) @executable_path/Frameworks";
				PRODUCT_BUNDLE_IDENTIFIER = "bdl.-11-Tester";
				PRODUCT_NAME = "$(TARGET_NAME)";
				SWIFT_VERSION = 3.0;
			};
			name = Release;
		};
		88FB95BF1E86EC9B006A91A4 /* Debug */ = {
			isa = XCBuildConfiguration;
			baseConfigurationReference = FC2F202EB7A265ED739A4056 /* Pods-311 TesterTests.debug.xcconfig */;
			buildSettings = {
				ALWAYS_EMBED_SWIFT_STANDARD_LIBRARIES = YES;
				BUNDLE_LOADER = "$(TEST_HOST)";
				DEVELOPMENT_TEAM = H7DR849HVE;
				INFOPLIST_FILE = "311 TesterTests/Info.plist";
				LD_RUNPATH_SEARCH_PATHS = "$(inherited) @executable_path/Frameworks @loader_path/Frameworks";
				PRODUCT_BUNDLE_IDENTIFIER = "bdl.-11-TesterTests";
				PRODUCT_NAME = "$(TARGET_NAME)";
				SWIFT_VERSION = 3.0;
				TEST_HOST = "$(BUILT_PRODUCTS_DIR)/311 Tester.app/311 Tester";
			};
			name = Debug;
		};
		88FB95C01E86EC9B006A91A4 /* Release */ = {
			isa = XCBuildConfiguration;
			baseConfigurationReference = 71885A6A7C2445EA8340C454 /* Pods-311 TesterTests.release.xcconfig */;
			buildSettings = {
				ALWAYS_EMBED_SWIFT_STANDARD_LIBRARIES = YES;
				BUNDLE_LOADER = "$(TEST_HOST)";
				DEVELOPMENT_TEAM = H7DR849HVE;
				INFOPLIST_FILE = "311 TesterTests/Info.plist";
				LD_RUNPATH_SEARCH_PATHS = "$(inherited) @executable_path/Frameworks @loader_path/Frameworks";
				PRODUCT_BUNDLE_IDENTIFIER = "bdl.-11-TesterTests";
				PRODUCT_NAME = "$(TARGET_NAME)";
				SWIFT_VERSION = 3.0;
				TEST_HOST = "$(BUILT_PRODUCTS_DIR)/311 Tester.app/311 Tester";
			};
			name = Release;
		};
		88FB95C21E86EC9B006A91A4 /* Debug */ = {
			isa = XCBuildConfiguration;
			baseConfigurationReference = 0DDF4320340C895F5A69DB24 /* Pods-311 TesterUITests.debug.xcconfig */;
			buildSettings = {
				ALWAYS_EMBED_SWIFT_STANDARD_LIBRARIES = YES;
				DEVELOPMENT_TEAM = H7DR849HVE;
				INFOPLIST_FILE = "311 TesterUITests/Info.plist";
				LD_RUNPATH_SEARCH_PATHS = "$(inherited) @executable_path/Frameworks @loader_path/Frameworks";
				PRODUCT_BUNDLE_IDENTIFIER = "bdl.-11-TesterUITests";
				PRODUCT_NAME = "$(TARGET_NAME)";
				SWIFT_VERSION = 3.0;
				TEST_TARGET_NAME = "311 Tester";
			};
			name = Debug;
		};
		88FB95C31E86EC9B006A91A4 /* Release */ = {
			isa = XCBuildConfiguration;
			baseConfigurationReference = F1495EC8800C221C1B535E72 /* Pods-311 TesterUITests.release.xcconfig */;
			buildSettings = {
				ALWAYS_EMBED_SWIFT_STANDARD_LIBRARIES = YES;
				DEVELOPMENT_TEAM = H7DR849HVE;
				INFOPLIST_FILE = "311 TesterUITests/Info.plist";
				LD_RUNPATH_SEARCH_PATHS = "$(inherited) @executable_path/Frameworks @loader_path/Frameworks";
				PRODUCT_BUNDLE_IDENTIFIER = "bdl.-11-TesterUITests";
				PRODUCT_NAME = "$(TARGET_NAME)";
				SWIFT_VERSION = 3.0;
				TEST_TARGET_NAME = "311 Tester";
			};
			name = Release;
		};
/* End XCBuildConfiguration section */

/* Begin XCConfigurationList section */
		88FB958E1E86EC9B006A91A4 /* Build configuration list for PBXProject "311 Tester" */ = {
			isa = XCConfigurationList;
			buildConfigurations = (
				88FB95B91E86EC9B006A91A4 /* Debug */,
				88FB95BA1E86EC9B006A91A4 /* Release */,
			);
			defaultConfigurationIsVisible = 0;
			defaultConfigurationName = Release;
		};
		88FB95BB1E86EC9B006A91A4 /* Build configuration list for PBXNativeTarget "311 Tester" */ = {
			isa = XCConfigurationList;
			buildConfigurations = (
				88FB95BC1E86EC9B006A91A4 /* Debug */,
				88FB95BD1E86EC9B006A91A4 /* Release */,
			);
			defaultConfigurationIsVisible = 0;
			defaultConfigurationName = Release;
		};
		88FB95BE1E86EC9B006A91A4 /* Build configuration list for PBXNativeTarget "311 TesterTests" */ = {
			isa = XCConfigurationList;
			buildConfigurations = (
				88FB95BF1E86EC9B006A91A4 /* Debug */,
				88FB95C01E86EC9B006A91A4 /* Release */,
			);
			defaultConfigurationIsVisible = 0;
			defaultConfigurationName = Release;
		};
		88FB95C11E86EC9B006A91A4 /* Build configuration list for PBXNativeTarget "311 TesterUITests" */ = {
			isa = XCConfigurationList;
			buildConfigurations = (
				88FB95C21E86EC9B006A91A4 /* Debug */,
				88FB95C31E86EC9B006A91A4 /* Release */,
			);
			defaultConfigurationIsVisible = 0;
			defaultConfigurationName = Release;
		};
/* End XCConfigurationList section */
	};
	rootObject = 88FB958B1E86EC9B006A91A4 /* Project object */;
}
